
Microsoft Visual Studio Solution File, Format Version 11.00
# Visual Studio 2010
Project("{FAE04EC0-301F-11D3-BF4B-00C04F79EFBC}") = "PhotonUnityNetworking.Demos", "PhotonUnityNetworking.Demos.csproj", "{e023e748-2313-67ae-af54-ee2176b9097d}"
EndProject
Project("{FAE04EC0-301F-11D3-BF4B-00C04F79EFBC}") = "Assembly-CSharp", "Assembly-CSharp.csproj", "{01289214-94ad-6001-d015-00b2d5367d5f}"
EndProject
Project("{FAE04EC0-301F-11D3-BF4B-00C04F79EFBC}") = "PhotonChat", "PhotonChat.csproj", "{03ef0ff0-2883-758f-c407-f0dc8d83a014}"
EndProject
Project("{FAE04EC0-301F-11D3-BF4B-00C04F79EFBC}") = "PhotonUnityNetworking", "PhotonUnityNetworking.csproj", "{53b310d7-f3c1-220d-ebd6-9da0c7e6a93a}"
EndProject
Project("{FAE04EC0-301F-11D3-BF4B-00C04F79EFBC}") = "PhotonRealtime", "PhotonRealtime.csproj", "{75713976-9689-dba0-42a2-0981c38345f9}"
EndProject
Project("{FAE04EC0-301F-11D3-BF4B-00C04F79EFBC}") = "PhotonUnityNetworking.Editor", "PhotonUnityNetworking.Editor.csproj", "{d4cfb8ea-f991-2a29-87cd-e46a48220d50}"
EndProject
Project("{FAE04EC0-301F-11D3-BF4B-00C04F79EFBC}") = "PhotonUnityNetworking.Utilities.Culling.Editor", "PhotonUnityNetworking.Utilities.Culling.Editor.csproj", "{647cb0c1-c13e-0ee5-5686-9e661872b0c2}"
EndProject
Project("{FAE04EC0-301F-11D3-BF4B-00C04F79EFBC}") = "PunDemos.DemoSlotcarEditor", "PunDemos.DemoSlotcarEditor.csproj", "{d04d18db-93b4-0cbd-ad4c-017e50f9c5ba}"
EndProject
Project("{FAE04EC0-301F-11D3-BF4B-00C04F79EFBC}") = "PhotonUnityNetworking.Utilities", "PhotonUnityNetworking.Utilities.csproj", "{4c55923c-d410-2c6d-43a6-fa93a8f1f792}"
EndProject
Project("{FAE04EC0-301F-11D3-BF4B-00C04F79EFBC}") = "PhotonUnityNetworking.Utilities.PhotonPlayer.Editor", "PhotonUnityNetworking.Utilities.PhotonPlayer.Editor.csproj", "{30d35c73-319c-ec37-9afe-c7d569314d08}"
EndProject
Project("{FAE04EC0-301F-11D3-BF4B-00C04F79EFBC}") = "PunDemos.DemoHubEditor", "PunDemos.DemoHubEditor.csproj", "{d425a0f4-78b8-b592-8768-d81449af170b}"
EndProject
Project("{FAE04EC0-301F-11D3-BF4B-00C04F79EFBC}") = "Assembly-CSharp-Editor", "Assembly-CSharp-Editor.csproj", "{98aeba12-deb9-68da-623a-f910cb141e45}"
EndProject
Project("{FAE04EC0-301F-11D3-BF4B-00C04F79EFBC}") = "PhotonWebSocket", "PhotonWebSocket.csproj", "{00c93bcc-dd4f-a3f0-ba52-5a9eab60e37b}"
EndProject
Global
	GlobalSection(SolutionConfigurationPlatforms) = preSolution
		Debug|Any CPU = Debug|Any CPU
	EndGlobalSection
	GlobalSection(ProjectConfigurationPlatforms) = postSolution
		{e023e748-2313-67ae-af54-ee2176b9097d}.Debug|Any CPU.ActiveCfg = Debug|Any CPU
		{e023e748-2313-67ae-af54-ee2176b9097d}.Debug|Any CPU.Build.0 = Debug|Any CPU
		{01289214-94ad-6001-d015-00b2d5367d5f}.Debug|Any CPU.ActiveCfg = Debug|Any CPU
		{01289214-94ad-6001-d015-00b2d5367d5f}.Debug|Any CPU.Build.0 = Debug|Any CPU
		{03ef0ff0-2883-758f-c407-f0dc8d83a014}.Debug|Any CPU.ActiveCfg = Debug|Any CPU
		{03ef0ff0-2883-758f-c407-f0dc8d83a014}.Debug|Any CPU.Build.0 = Debug|Any CPU
		{53b310d7-f3c1-220d-ebd6-9da0c7e6a93a}.Debug|Any CPU.ActiveCfg = Debug|Any CPU
		{53b310d7-f3c1-220d-ebd6-9da0c7e6a93a}.Debug|Any CPU.Build.0 = Debug|Any CPU
		{75713976-9689-dba0-42a2-0981c38345f9}.Debug|Any CPU.ActiveCfg = Debug|Any CPU
		{75713976-9689-dba0-42a2-0981c38345f9}.Debug|Any CPU.Build.0 = Debug|Any CPU
		{d4cfb8ea-f991-2a29-87cd-e46a48220d50}.Debug|Any CPU.ActiveCfg = Debug|Any CPU
		{d4cfb8ea-f991-2a29-87cd-e46a48220d50}.Debug|Any CPU.Build.0 = Debug|Any CPU
		{647cb0c1-c13e-0ee5-5686-9e661872b0c2}.Debug|Any CPU.ActiveCfg = Debug|Any CPU
		{647cb0c1-c13e-0ee5-5686-9e661872b0c2}.Debug|Any CPU.Build.0 = Debug|Any CPU
		{d04d18db-93b4-0cbd-ad4c-017e50f9c5ba}.Debug|Any CPU.ActiveCfg = Debug|Any CPU
		{d04d18db-93b4-0cbd-ad4c-017e50f9c5ba}.Debug|Any CPU.Build.0 = Debug|Any CPU
		{4c55923c-d410-2c6d-43a6-fa93a8f1f792}.Debug|Any CPU.ActiveCfg = Debug|Any CPU
		{4c55923c-d410-2c6d-43a6-fa93a8f1f792}.Debug|Any CPU.Build.0 = Debug|Any CPU
		{30d35c73-319c-ec37-9afe-c7d569314d08}.Debug|Any CPU.ActiveCfg = Debug|Any CPU
		{30d35c73-319c-ec37-9afe-c7d569314d08}.Debug|Any CPU.Build.0 = Debug|Any CPU
		{d425a0f4-78b8-b592-8768-d81449af170b}.Debug|Any CPU.ActiveCfg = Debug|Any CPU
		{d425a0f4-78b8-b592-8768-d81449af170b}.Debug|Any CPU.Build.0 = Debug|Any CPU
		{98aeba12-deb9-68da-623a-f910cb141e45}.Debug|Any CPU.ActiveCfg = Debug|Any CPU
		{98aeba12-deb9-68da-623a-f910cb141e45}.Debug|Any CPU.Build.0 = Debug|Any CPU
		{00c93bcc-dd4f-a3f0-ba52-5a9eab60e37b}.Debug|Any CPU.ActiveCfg = Debug|Any CPU
		{00c93bcc-dd4f-a3f0-ba52-5a9eab60e37b}.Debug|Any CPU.Build.0 = Debug|Any CPU
	EndGlobalSection
	GlobalSection(SolutionProperties) = preSolution
		HideSolutionNode = FALSE
	EndGlobalSection
EndGlobal
